
Microsoft Visual Studio Solution File, Format Version 12.00
# Visual Studio Version 17
VisualStudioVersion = 17.0.31903.59
MinimumVisualStudioVersion = 10.0.40219.1
Project("{2150E333-8FDC-42A3-9474-1A3956D46DE8}") = "shared", "shared", "{4F52FD11-658E-A102-6CD3-7D7C16FFA15B}"
EndProject
Project("{FAE04EC0-301F-11D3-BF4B-00C04F79EFBC}") = "FundManager.ServiceDefaults", "src\shared\FundManager.ServiceDefaults\FundManager.ServiceDefaults.csproj", "{68BDC815-7360-4563-81D2-CFAD5E368115}"
EndProject
Project("{FAE04EC0-301F-11D3-BF4B-00C04F79EFBC}") = "FundManager.BuildingBlocks", "src\shared\FundManager.BuildingBlocks\FundManager.BuildingBlocks.csproj", "{47E1AEA3-6F33-464A-B1B3-A623F07CBF93}"
EndProject
Project("{FAE04EC0-301F-11D3-BF4B-00C04F79EFBC}") = "FundManager.Contracts", "src\shared\FundManager.Contracts\FundManager.Contracts.csproj", "{59D23A70-E003-4998-BB65-4886A36CBBB8}"
EndProject
Project("{2150E333-8FDC-42A3-9474-1A3956D46DE8}") = "services", "services", "{5854FF58-B8C5-05C6-5BF2-ACE42193F22B}"
EndProject
Project("{FAE04EC0-301F-11D3-BF4B-00C04F79EFBC}") = "FundManager.Identity", "src\services\FundManager.Identity\FundManager.Identity.csproj", "{86C258CD-8305-4DA8-A421-3718D4B3DF68}"
EndProject
Project("{FAE04EC0-301F-11D3-BF4B-00C04F79EFBC}") = "FundManager.FundAdmin", "src\services\FundManager.FundAdmin\FundManager.FundAdmin.csproj", "{4BBEAAAC-779A-444D-9E0D-EF0146CA82F1}"
EndProject
Project("{FAE04EC0-301F-11D3-BF4B-00C04F79EFBC}") = "FundManager.Contributions", "src\services\FundManager.Contributions\FundManager.Contributions.csproj", "{9717A88A-D71D-4F00-930C-63ACC1AB6A53}"
EndProject
Project("{FAE04EC0-301F-11D3-BF4B-00C04F79EFBC}") = "FundManager.Loans", "src\services\FundManager.Loans\FundManager.Loans.csproj", "{4C9154EE-0F64-4CD1-9AFC-983519626040}"
EndProject
Project("{FAE04EC0-301F-11D3-BF4B-00C04F79EFBC}") = "FundManager.Dissolution", "src\services\FundManager.Dissolution\FundManager.Dissolution.csproj", "{10237BB5-7CCF-48AC-85AA-072499DEA6CD}"
EndProject
Project("{FAE04EC0-301F-11D3-BF4B-00C04F79EFBC}") = "FundManager.Notifications", "src\services\FundManager.Notifications\FundManager.Notifications.csproj", "{014FA7EE-924A-4FA0-9FA3-9D1D38E426D2}"
EndProject
Project("{FAE04EC0-301F-11D3-BF4B-00C04F79EFBC}") = "FundManager.Audit", "src\services\FundManager.Audit\FundManager.Audit.csproj", "{66520B76-DEB6-45AB-96BF-6BF5F4739EF1}"
EndProject
Project("{2150E333-8FDC-42A3-9474-1A3956D46DE8}") = "gateway", "gateway", "{E7BDDBC6-9FD1-D1D7-ACD8-2C4F8E3D2461}"
EndProject
Project("{FAE04EC0-301F-11D3-BF4B-00C04F79EFBC}") = "FundManager.ApiGateway", "src\gateway\FundManager.ApiGateway\FundManager.ApiGateway.csproj", "{9C6E6018-3356-48C1-ADCA-30BC79DC3DCB}"
EndProject
Global
	GlobalSection(SolutionConfigurationPlatforms) = preSolution
		Debug|Any CPU = Debug|Any CPU
		Debug|x64 = Debug|x64
		Debug|x86 = Debug|x86
		Release|Any CPU = Release|Any CPU
		Release|x64 = Release|x64
		Release|x86 = Release|x86
	EndGlobalSection
	GlobalSection(ProjectConfigurationPlatforms) = postSolution
		{68BDC815-7360-4563-81D2-CFAD5E368115}.Debug|Any CPU.ActiveCfg = Debug|Any CPU
		{68BDC815-7360-4563-81D2-CFAD5E368115}.Debug|Any CPU.Build.0 = Debug|Any CPU
		{68BDC815-7360-4563-81D2-CFAD5E368115}.Debug|x64.ActiveCfg = Debug|Any CPU
		{68BDC815-7360-4563-81D2-CFAD5E368115}.Debug|x64.Build.0 = Debug|Any CPU
		{68BDC815-7360-4563-81D2-CFAD5E368115}.Debug|x86.ActiveCfg = Debug|Any CPU
		{68BDC815-7360-4563-81D2-CFAD5E368115}.Debug|x86.Build.0 = Debug|Any CPU
		{68BDC815-7360-4563-81D2-CFAD5E368115}.Release|Any CPU.ActiveCfg = Release|Any CPU
		{68BDC815-7360-4563-81D2-CFAD5E368115}.Release|Any CPU.Build.0 = Release|Any CPU
		{68BDC815-7360-4563-81D2-CFAD5E368115}.Release|x64.ActiveCfg = Release|Any CPU
		{68BDC815-7360-4563-81D2-CFAD5E368115}.Release|x64.Build.0 = Release|Any CPU
		{68BDC815-7360-4563-81D2-CFAD5E368115}.Release|x86.ActiveCfg = Release|Any CPU
		{68BDC815-7360-4563-81D2-CFAD5E368115}.Release|x86.Build.0 = Release|Any CPU
		{47E1AEA3-6F33-464A-B1B3-A623F07CBF93}.Debug|Any CPU.ActiveCfg = Debug|Any CPU
		{47E1AEA3-6F33-464A-B1B3-A623F07CBF93}.Debug|Any CPU.Build.0 = Debug|Any CPU
		{47E1AEA3-6F33-464A-B1B3-A623F07CBF93}.Debug|x64.ActiveCfg = Debug|Any CPU
		{47E1AEA3-6F33-464A-B1B3-A623F07CBF93}.Debug|x64.Build.0 = Debug|Any CPU
		{47E1AEA3-6F33-464A-B1B3-A623F07CBF93}.Debug|x86.ActiveCfg = Debug|Any CPU
		{47E1AEA3-6F33-464A-B1B3-A623F07CBF93}.Debug|x86.Build.0 = Debug|Any CPU
		{47E1AEA3-6F33-464A-B1B3-A623F07CBF93}.Release|Any CPU.ActiveCfg = Release|Any CPU
		{47E1AEA3-6F33-464A-B1B3-A623F07CBF93}.Release|Any CPU.Build.0 = Release|Any CPU
		{47E1AEA3-6F33-464A-B1B3-A623F07CBF93}.Release|x64.ActiveCfg = Release|Any CPU
		{47E1AEA3-6F33-464A-B1B3-A623F07CBF93}.Release|x64.Build.0 = Release|Any CPU
		{47E1AEA3-6F33-464A-B1B3-A623F07CBF93}.Release|x86.ActiveCfg = Release|Any CPU
		{47E1AEA3-6F33-464A-B1B3-A623F07CBF93}.Release|x86.Build.0 = Release|Any CPU
		{59D23A70-E003-4998-BB65-4886A36CBBB8}.Debug|Any CPU.ActiveCfg = Debug|Any CPU
		{59D23A70-E003-4998-BB65-4886A36CBBB8}.Debug|Any CPU.Build.0 = Debug|Any CPU
		{59D23A70-E003-4998-BB65-4886A36CBBB8}.Debug|x64.ActiveCfg = Debug|Any CPU
		{59D23A70-E003-4998-BB65-4886A36CBBB8}.Debug|x64.Build.0 = Debug|Any CPU
		{59D23A70-E003-4998-BB65-4886A36CBBB8}.Debug|x86.ActiveCfg = Debug|Any CPU
		{59D23A70-E003-4998-BB65-4886A36CBBB8}.Debug|x86.Build.0 = Debug|Any CPU
		{59D23A70-E003-4998-BB65-4886A36CBBB8}.Release|Any CPU.ActiveCfg = Release|Any CPU
		{59D23A70-E003-4998-BB65-4886A36CBBB8}.Release|Any CPU.Build.0 = Release|Any CPU
		{59D23A70-E003-4998-BB65-4886A36CBBB8}.Release|x64.ActiveCfg = Release|Any CPU
		{59D23A70-E003-4998-BB65-4886A36CBBB8}.Release|x64.Build.0 = Release|Any CPU
		{59D23A70-E003-4998-BB65-4886A36CBBB8}.Release|x86.ActiveCfg = Release|Any CPU
		{59D23A70-E003-4998-BB65-4886A36CBBB8}.Release|x86.Build.0 = Release|Any CPU
		{86C258CD-8305-4DA8-A421-3718D4B3DF68}.Debug|Any CPU.ActiveCfg = Debug|Any CPU
		{86C258CD-8305-4DA8-A421-3718D4B3DF68}.Debug|Any CPU.Build.0 = Debug|Any CPU
		{86C258CD-8305-4DA8-A421-3718D4B3DF68}.Debug|x64.ActiveCfg = Debug|Any CPU
		{86C258CD-8305-4DA8-A421-3718D4B3DF68}.Debug|x64.Build.0 = Debug|Any CPU
		{86C258CD-8305-4DA8-A421-3718D4B3DF68}.Debug|x86.ActiveCfg = Debug|Any CPU
		{86C258CD-8305-4DA8-A421-3718D4B3DF68}.Debug|x86.Build.0 = Debug|Any CPU
		{86C258CD-8305-4DA8-A421-3718D4B3DF68}.Release|Any CPU.ActiveCfg = Release|Any CPU
		{86C258CD-8305-4DA8-A421-3718D4B3DF68}.Release|Any CPU.Build.0 = Release|Any CPU
		{86C258CD-8305-4DA8-A421-3718D4B3DF68}.Release|x64.ActiveCfg = Release|Any CPU
		{86C258CD-8305-4DA8-A421-3718D4B3DF68}.Release|x64.Build.0 = Release|Any CPU
		{86C258CD-8305-4DA8-A421-3718D4B3DF68}.Release|x86.ActiveCfg = Release|Any CPU
		{86C258CD-8305-4DA8-A421-3718D4B3DF68}.Release|x86.Build.0 = Release|Any CPU
		{4BBEAAAC-779A-444D-9E0D-EF0146CA82F1}.Debug|Any CPU.ActiveCfg = Debug|Any CPU
		{4BBEAAAC-779A-444D-9E0D-EF0146CA82F1}.Debug|Any CPU.Build.0 = Debug|Any CPU
		{4BBEAAAC-779A-444D-9E0D-EF0146CA82F1}.Debug|x64.ActiveCfg = Debug|Any CPU
		{4BBEAAAC-779A-444D-9E0D-EF0146CA82F1}.Debug|x64.Build.0 = Debug|Any CPU
		{4BBEAAAC-779A-444D-9E0D-EF0146CA82F1}.Debug|x86.ActiveCfg = Debug|Any CPU
		{4BBEAAAC-779A-444D-9E0D-EF0146CA82F1}.Debug|x86.Build.0 = Debug|Any CPU
		{4BBEAAAC-779A-444D-9E0D-EF0146CA82F1}.Release|Any CPU.ActiveCfg = Release|Any CPU
		{4BBEAAAC-779A-444D-9E0D-EF0146CA82F1}.Release|Any CPU.Build.0 = Release|Any CPU
		{4BBEAAAC-779A-444D-9E0D-EF0146CA82F1}.Release|x64.ActiveCfg = Release|Any CPU
		{4BBEAAAC-779A-444D-9E0D-EF0146CA82F1}.Release|x64.Build.0 = Release|Any CPU
		{4BBEAAAC-779A-444D-9E0D-EF0146CA82F1}.Release|x86.ActiveCfg = Release|Any CPU
		{4BBEAAAC-779A-444D-9E0D-EF0146CA82F1}.Release|x86.Build.0 = Release|Any CPU
		{9717A88A-D71D-4F00-930C-63ACC1AB6A53}.Debug|Any CPU.ActiveCfg = Debug|Any CPU
		{9717A88A-D71D-4F00-930C-63ACC1AB6A53}.Debug|Any CPU.Build.0 = Debug|Any CPU
		{9717A88A-D71D-4F00-930C-63ACC1AB6A53}.Debug|x64.ActiveCfg = Debug|Any CPU
		{9717A88A-D71D-4F00-930C-63ACC1AB6A53}.Debug|x64.Build.0 = Debug|Any CPU
		{9717A88A-D71D-4F00-930C-63ACC1AB6A53}.Debug|x86.ActiveCfg = Debug|Any CPU
		{9717A88A-D71D-4F00-930C-63ACC1AB6A53}.Debug|x86.Build.0 = Debug|Any CPU
		{9717A88A-D71D-4F00-930C-63ACC1AB6A53}.Release|Any CPU.ActiveCfg = Release|Any CPU
		{9717A88A-D71D-4F00-930C-63ACC1AB6A53}.Release|Any CPU.Build.0 = Release|Any CPU
		{9717A88A-D71D-4F00-930C-63ACC1AB6A53}.Release|x64.ActiveCfg = Release|Any CPU
		{9717A88A-D71D-4F00-930C-63ACC1AB6A53}.Release|x64.Build.0 = Release|Any CPU
		{9717A88A-D71D-4F00-930C-63ACC1AB6A53}.Release|x86.ActiveCfg = Release|Any CPU
		{9717A88A-D71D-4F00-930C-63ACC1AB6A53}.Release|x86.Build.0 = Release|Any CPU
		{4C9154EE-0F64-4CD1-9AFC-983519626040}.Debug|Any CPU.ActiveCfg = Debug|Any CPU
		{4C9154EE-0F64-4CD1-9AFC-983519626040}.Debug|Any CPU.Build.0 = Debug|Any CPU
		{4C9154EE-0F64-4CD1-9AFC-983519626040}.Debug|x64.ActiveCfg = Debug|Any CPU
		{4C9154EE-0F64-4CD1-9AFC-983519626040}.Debug|x64.Build.0 = Debug|Any CPU
		{4C9154EE-0F64-4CD1-9AFC-983519626040}.Debug|x86.ActiveCfg = Debug|Any CPU
		{4C9154EE-0F64-4CD1-9AFC-983519626040}.Debug|x86.Build.0 = Debug|Any CPU
		{4C9154EE-0F64-4CD1-9AFC-983519626040}.Release|Any CPU.ActiveCfg = Release|Any CPU
		{4C9154EE-0F64-4CD1-9AFC-983519626040}.Release|Any CPU.Build.0 = Release|Any CPU
		{4C9154EE-0F64-4CD1-9AFC-983519626040}.Release|x64.ActiveCfg = Release|Any CPU
		{4C9154EE-0F64-4CD1-9AFC-983519626040}.Release|x64.Build.0 = Release|Any CPU
		{4C9154EE-0F64-4CD1-9AFC-983519626040}.Release|x86.ActiveCfg = Release|Any CPU
		{4C9154EE-0F64-4CD1-9AFC-983519626040}.Release|x86.Build.0 = Release|Any CPU
		{10237BB5-7CCF-48AC-85AA-072499DEA6CD}.Debug|Any CPU.ActiveCfg = Debug|Any CPU
		{10237BB5-7CCF-48AC-85AA-072499DEA6CD}.Debug|Any CPU.Build.0 = Debug|Any CPU
		{10237BB5-7CCF-48AC-85AA-072499DEA6CD}.Debug|x64.ActiveCfg = Debug|Any CPU
		{10237BB5-7CCF-48AC-85AA-072499DEA6CD}.Debug|x64.Build.0 = Debug|Any CPU
		{10237BB5-7CCF-48AC-85AA-072499DEA6CD}.Debug|x86.ActiveCfg = Debug|Any CPU
		{10237BB5-7CCF-48AC-85AA-072499DEA6CD}.Debug|x86.Build.0 = Debug|Any CPU
		{10237BB5-7CCF-48AC-85AA-072499DEA6CD}.Release|Any CPU.ActiveCfg = Release|Any CPU
		{10237BB5-7CCF-48AC-85AA-072499DEA6CD}.Release|Any CPU.Build.0 = Release|Any CPU
		{10237BB5-7CCF-48AC-85AA-072499DEA6CD}.Release|x64.ActiveCfg = Release|Any CPU
		{10237BB5-7CCF-48AC-85AA-072499DEA6CD}.Release|x64.Build.0 = Release|Any CPU
		{10237BB5-7CCF-48AC-85AA-072499DEA6CD}.Release|x86.ActiveCfg = Release|Any CPU
		{10237BB5-7CCF-48AC-85AA-072499DEA6CD}.Release|x86.Build.0 = Release|Any CPU
		{014FA7EE-924A-4FA0-9FA3-9D1D38E426D2}.Debug|Any CPU.ActiveCfg = Debug|Any CPU
		{014FA7EE-924A-4FA0-9FA3-9D1D38E426D2}.Debug|Any CPU.Build.0 = Debug|Any CPU
		{014FA7EE-924A-4FA0-9FA3-9D1D38E426D2}.Debug|x64.ActiveCfg = Debug|Any CPU
		{014FA7EE-924A-4FA0-9FA3-9D1D38E426D2}.Debug|x64.Build.0 = Debug|Any CPU
		{014FA7EE-924A-4FA0-9FA3-9D1D38E426D2}.Debug|x86.ActiveCfg = Debug|Any CPU
		{014FA7EE-924A-4FA0-9FA3-9D1D38E426D2}.Debug|x86.Build.0 = Debug|Any CPU
		{014FA7EE-924A-4FA0-9FA3-9D1D38E426D2}.Release|Any CPU.ActiveCfg = Release|Any CPU
		{014FA7EE-924A-4FA0-9FA3-9D1D38E426D2}.Release|Any CPU.Build.0 = Release|Any CPU
		{014FA7EE-924A-4FA0-9FA3-9D1D38E426D2}.Release|x64.ActiveCfg = Release|Any CPU
		{014FA7EE-924A-4FA0-9FA3-9D1D38E426D2}.Release|x64.Build.0 = Release|Any CPU
		{014FA7EE-924A-4FA0-9FA3-9D1D38E426D2}.Release|x86.ActiveCfg = Release|Any CPU
		{014FA7EE-924A-4FA0-9FA3-9D1D38E426D2}.Release|x86.Build.0 = Release|Any CPU
		{66520B76-DEB6-45AB-96BF-6BF5F4739EF1}.Debug|Any CPU.ActiveCfg = Debug|Any CPU
		{66520B76-DEB6-45AB-96BF-6BF5F4739EF1}.Debug|Any CPU.Build.0 = Debug|Any CPU
		{66520B76-DEB6-45AB-96BF-6BF5F4739EF1}.Debug|x64.ActiveCfg = Debug|Any CPU
		{66520B76-DEB6-45AB-96BF-6BF5F4739EF1}.Debug|x64.Build.0 = Debug|Any CPU
		{66520B76-DEB6-45AB-96BF-6BF5F4739EF1}.Debug|x86.ActiveCfg = Debug|Any CPU
		{66520B76-DEB6-45AB-96BF-6BF5F4739EF1}.Debug|x86.Build.0 = Debug|Any CPU
		{66520B76-DEB6-45AB-96BF-6BF5F4739EF1}.Release|Any CPU.ActiveCfg = Release|Any CPU
		{66520B76-DEB6-45AB-96BF-6BF5F4739EF1}.Release|Any CPU.Build.0 = Release|Any CPU
		{66520B76-DEB6-45AB-96BF-6BF5F4739EF1}.Release|x64.ActiveCfg = Release|Any CPU
		{66520B76-DEB6-45AB-96BF-6BF5F4739EF1}.Release|x64.Build.0 = Release|Any CPU
		{66520B76-DEB6-45AB-96BF-6BF5F4739EF1}.Release|x86.ActiveCfg = Release|Any CPU
		{66520B76-DEB6-45AB-96BF-6BF5F4739EF1}.Release|x86.Build.0 = Release|Any CPU
		{9C6E6018-3356-48C1-ADCA-30BC79DC3DCB}.Debug|Any CPU.ActiveCfg = Debug|Any CPU
		{9C6E6018-3356-48C1-ADCA-30BC79DC3DCB}.Debug|Any CPU.Build.0 = Debug|Any CPU
		{9C6E6018-3356-48C1-ADCA-30BC79DC3DCB}.Debug|x64.ActiveCfg = Debug|Any CPU
		{9C6E6018-3356-48C1-ADCA-30BC79DC3DCB}.Debug|x64.Build.0 = Debug|Any CPU
		{9C6E6018-3356-48C1-ADCA-30BC79DC3DCB}.Debug|x86.ActiveCfg = Debug|Any CPU
		{9C6E6018-3356-48C1-ADCA-30BC79DC3DCB}.Debug|x86.Build.0 = Debug|Any CPU
		{9C6E6018-3356-48C1-ADCA-30BC79DC3DCB}.Release|Any CPU.ActiveCfg = Release|Any CPU
		{9C6E6018-3356-48C1-ADCA-30BC79DC3DCB}.Release|Any CPU.Build.0 = Release|Any CPU
		{9C6E6018-3356-48C1-ADCA-30BC79DC3DCB}.Release|x64.ActiveCfg = Release|Any CPU
		{9C6E6018-3356-48C1-ADCA-30BC79DC3DCB}.Release|x64.Build.0 = Release|Any CPU
		{9C6E6018-3356-48C1-ADCA-30BC79DC3DCB}.Release|x86.ActiveCfg = Release|Any CPU
		{9C6E6018-3356-48C1-ADCA-30BC79DC3DCB}.Release|x86.Build.0 = Release|Any CPU
	EndGlobalSection
	GlobalSection(SolutionProperties) = preSolution
		HideSolutionNode = FALSE
	EndGlobalSection
	GlobalSection(NestedProjects) = preSolution
		{68BDC815-7360-4563-81D2-CFAD5E368115} = {4F52FD11-658E-A102-6CD3-7D7C16FFA15B}
		{47E1AEA3-6F33-464A-B1B3-A623F07CBF93} = {4F52FD11-658E-A102-6CD3-7D7C16FFA15B}
		{59D23A70-E003-4998-BB65-4886A36CBBB8} = {4F52FD11-658E-A102-6CD3-7D7C16FFA15B}
		{86C258CD-8305-4DA8-A421-3718D4B3DF68} = {5854FF58-B8C5-05C6-5BF2-ACE42193F22B}
		{4BBEAAAC-779A-444D-9E0D-EF0146CA82F1} = {5854FF58-B8C5-05C6-5BF2-ACE42193F22B}
		{9717A88A-D71D-4F00-930C-63ACC1AB6A53} = {5854FF58-B8C5-05C6-5BF2-ACE42193F22B}
		{4C9154EE-0F64-4CD1-9AFC-983519626040} = {5854FF58-B8C5-05C6-5BF2-ACE42193F22B}
		{10237BB5-7CCF-48AC-85AA-072499DEA6CD} = {5854FF58-B8C5-05C6-5BF2-ACE42193F22B}
		{014FA7EE-924A-4FA0-9FA3-9D1D38E426D2} = {5854FF58-B8C5-05C6-5BF2-ACE42193F22B}
		{66520B76-DEB6-45AB-96BF-6BF5F4739EF1} = {5854FF58-B8C5-05C6-5BF2-ACE42193F22B}
		{9C6E6018-3356-48C1-ADCA-30BC79DC3DCB} = {E7BDDBC6-9FD1-D1D7-ACD8-2C4F8E3D2461}
	EndGlobalSection
EndGlobal
